// !$*UTF8*$!
{
	archiveVersion = 1;
	classes = {
	};
	objectVersion = 46;
	objects = {

/* Begin PBXBuildFile section */
		BFDED12619EDE2EF00DECE03 /* main.m in Sources */ = {isa = PBXBuildFile; fileRef = BFDED12519EDE2EF00DECE03 /* main.m */; };
		BFDED12919EDE2EF00DECE03 /* AppDelegate.m in Sources */ = {isa = PBXBuildFile; fileRef = BFDED12819EDE2EF00DECE03 /* AppDelegate.m */; };
		BFDED12C19EDE2EF00DECE03 /* ViewController.m in Sources */ = {isa = PBXBuildFile; fileRef = BFDED12B19EDE2EF00DECE03 /* ViewController.m */; };
		BFDED12F19EDE2EF00DECE03 /* Main.storyboard in Resources */ = {isa = PBXBuildFile; fileRef = BFDED12D19EDE2EF00DECE03 /* Main.storyboard */; };
		BFDED13119EDE2EF00DECE03 /* Images.xcassets in Resources */ = {isa = PBXBuildFile; fileRef = BFDED13019EDE2EF00DECE03 /* Images.xcassets */; };
		BFDED13419EDE2EF00DECE03 /* LaunchScreen.xib in Resources */ = {isa = PBXBuildFile; fileRef = BFDED13219EDE2EF00DECE03 /* LaunchScreen.xib */; };
		BFDED14019EDE2EF00DECE03 /* SimpleIOTests.m in Sources */ = {isa = PBXBuildFile; fileRef = BFDED13F19EDE2EF00DECE03 /* SimpleIOTests.m */; };
/* End PBXBuildFile section */

/* Begin PBXContainerItemProxy section */
		BFDED13A19EDE2EF00DECE03 /* PBXContainerItemProxy */ = {
			isa = PBXContainerItemProxy;
			containerPortal = BFDED11819EDE2EF00DECE03 /* Project object */;
			proxyType = 1;
			remoteGlobalIDString = BFDED11F19EDE2EF00DECE03;
			remoteInfo = SimpleIO;
		};
/* End PBXContainerItemProxy section */

/* Begin PBXFileReference section */
		BFDED12019EDE2EF00DECE03 /* SimpleIO.app */ = {isa = PBXFileReference; explicitFileType = wrapper.application; includeInIndex = 0; path = SimpleIO.app; sourceTree = BUILT_PRODUCTS_DIR; };
		BFDED12419EDE2EF00DECE03 /* Info.plist */ = {isa = PBXFileReference; lastKnownFileType = text.plist.xml; path = Info.plist; sourceTree = "<group>"; };
		BFDED12519EDE2EF00DECE03 /* main.m */ = {isa = PBXFileReference; lastKnownFileType = sourcecode.c.objc; path = main.m; sourceTree = "<group>"; };
		BFDED12719EDE2EF00DECE03 /* AppDelegate.h */ = {isa = PBXFileReference; lastKnownFileType = sourcecode.c.h; path = AppDelegate.h; sourceTree = "<group>"; };
		BFDED12819EDE2EF00DECE03 /* AppDelegate.m */ = {isa = PBXFileReference; lastKnownFileType = sourcecode.c.objc; path = AppDelegate.m; sourceTree = "<group>"; };
		BFDED12A19EDE2EF00DECE03 /* ViewController.h */ = {isa = PBXFileReference; lastKnownFileType = sourcecode.c.h; path = ViewController.h; sourceTree = "<group>"; };
		BFDED12B19EDE2EF00DECE03 /* ViewController.m */ = {isa = PBXFileReference; lastKnownFileType = sourcecode.c.objc; path = ViewController.m; sourceTree = "<group>"; };
		BFDED12E19EDE2EF00DECE03 /* Base */ = {isa = PBXFileReference; lastKnownFileType = file.storyboard; name = Base; path = Base.lproj/Main.storyboard; sourceTree = "<group>"; };
		BFDED13019EDE2EF00DECE03 /* Images.xcassets */ = {isa = PBXFileReference; lastKnownFileType = folder.assetcatalog; path = Images.xcassets; sourceTree = "<group>"; };
		BFDED13319EDE2EF00DECE03 /* Base */ = {isa = PBXFileReference; lastKnownFileType = file.xib; name = Base; path = Base.lproj/LaunchScreen.xib; sourceTree = "<group>"; };
		BFDED13919EDE2EF00DECE03 /* SimpleIOTests.xctest */ = {isa = PBXFileReference; explicitFileType = wrapper.cfbundle; includeInIndex = 0; path = SimpleIOTests.xctest; sourceTree = BUILT_PRODUCTS_DIR; };
		BFDED13E19EDE2EF00DECE03 /* Info.plist */ = {isa = PBXFileReference; lastKnownFileType = text.plist.xml; path = Info.plist; sourceTree = "<group>"; };
		BFDED13F19EDE2EF00DECE03 /* SimpleIOTests.m */ = {isa = PBXFileReference; lastKnownFileType = sourcecode.c.objc; path = SimpleIOTests.m; sourceTree = "<group>"; };
/* End PBXFileReference section */

/* Begin PBXFrameworksBuildPhase section */
		BFDED11D19EDE2EF00DECE03 /* Frameworks */ = {
			isa = PBXFrameworksBuildPhase;
			buildActionMask = 2147483647;
			files = (
			);
			runOnlyForDeploymentPostprocessing = 0;
		};
		BFDED13619EDE2EF00DECE03 /* Frameworks */ = {
			isa = PBXFrameworksBuildPhase;
			buildActionMask = 2147483647;
			files = (
			);
			runOnlyForDeploymentPostprocessing = 0;
		};
/* End PBXFrameworksBuildPhase section */

/* Begin PBXGroup section */
		BFDED11719EDE2EF00DECE03 = {
			isa = PBXGroup;
			children = (
				BFDED12219EDE2EF00DECE03 /* SimpleIO */,
				BFDED13C19EDE2EF00DECE03 /* SimpleIOTests */,
				BFDED12119EDE2EF00DECE03 /* Products */,
			);
			sourceTree = "<group>";
		};
		BFDED12119EDE2EF00DECE03 /* Products */ = {
			isa = PBXGroup;
			children = (
				BFDED12019EDE2EF00DECE03 /* SimpleIO.app */,
				BFDED13919EDE2EF00DECE03 /* SimpleIOTests.xctest */,
			);
			name = Products;
			sourceTree = "<group>";
		};
		BFDED12219EDE2EF00DECE03 /* SimpleIO */ = {
			isa = PBXGroup;
			children = (
				BFDED12719EDE2EF00DECE03 /* AppDelegate.h */,
				BFDED12819EDE2EF00DECE03 /* AppDelegate.m */,
				BFDED12A19EDE2EF00DECE03 /* ViewController.h */,
				BFDED12B19EDE2EF00DECE03 /* ViewController.m */,
				BFDED12D19EDE2EF00DECE03 /* Main.storyboard */,
				BFDED13019EDE2EF00DECE03 /* Images.xcassets */,
				BFDED13219EDE2EF00DECE03 /* LaunchScreen.xib */,
				BFDED12319EDE2EF00DECE03 /* Supporting Files */,
			);
			path = SimpleIO;
			sourceTree = "<group>";
		};
		BFDED12319EDE2EF00DECE03 /* Supporting Files */ = {
			isa = PBXGroup;
			children = (
				BFDED12419EDE2EF00DECE03 /* Info.plist */,
				BFDED12519EDE2EF00DECE03 /* main.m */,
			);
			name = "Supporting Files";
			sourceTree = "<group>";
		};
		BFDED13C19EDE2EF00DECE03 /* SimpleIOTests */ = {
			isa = PBXGroup;
			children = (
				BFDED13F19EDE2EF00DECE03 /* SimpleIOTests.m */,
				BFDED13D19EDE2EF00DECE03 /* Supporting Files */,
			);
			path = SimpleIOTests;
			sourceTree = "<group>";
		};
		BFDED13D19EDE2EF00DECE03 /* Supporting Files */ = {
			isa = PBXGroup;
			children = (
				BFDED13E19EDE2EF00DECE03 /* Info.plist */,
			);
			name = "Supporting Files";
			sourceTree = "<group>";
		};
/* End PBXGroup section */

/* Begin PBXNativeTarget section */
		BFDED11F19EDE2EF00DECE03 /* SimpleIO */ = {
			isa = PBXNativeTarget;
			buildConfigurationList = BFDED14319EDE2EF00DECE03 /* Build configuration list for PBXNativeTarget "SimpleIO" */;
			buildPhases = (
				BFDED11C19EDE2EF00DECE03 /* Sources */,
				BFDED11D19EDE2EF00DECE03 /* Frameworks */,
				BFDED11E19EDE2EF00DECE03 /* Resources */,
			);
			buildRules = (
			);
			dependencies = (
			);
			name = SimpleIO;
			productName = SimpleIO;
			productReference = BFDED12019EDE2EF00DECE03 /* SimpleIO.app */;
			productType = "com.apple.product-type.application";
		};
		BFDED13819EDE2EF00DECE03 /* SimpleIOTests */ = {
			isa = PBXNativeTarget;
			buildConfigurationList = BFDED14619EDE2EF00DECE03 /* Build configuration list for PBXNativeTarget "SimpleIOTests" */;
			buildPhases = (
				BFDED13519EDE2EF00DECE03 /* Sources */,
				BFDED13619EDE2EF00DECE03 /* Frameworks */,
				BFDED13719EDE2EF00DECE03 /* Resources */,
			);
			buildRules = (
			);
			dependencies = (
				BFDED13B19EDE2EF00DECE03 /* PBXTargetDependency */,
			);
			name = SimpleIOTests;
			productName = SimpleIOTests;
			productReference = BFDED13919EDE2EF00DECE03 /* SimpleIOTests.xctest */;
			productType = "com.apple.product-type.bundle.unit-test";
		};
/* End PBXNativeTarget section */

/* Begin PBXProject section */
		BFDED11819EDE2EF00DECE03 /* Project object */ = {
			isa = PBXProject;
			attributes = {
				LastUpgradeCheck = 0600;
				ORGANIZATIONNAME = "Len Payne";
				TargetAttributes = {
					BFDED11F19EDE2EF00DECE03 = {
						CreatedOnToolsVersion = 6.0.1;
					};
					BFDED13819EDE2EF00DECE03 = {
						CreatedOnToolsVersion = 6.0.1;
						TestTargetID = BFDED11F19EDE2EF00DECE03;
					};
				};
			};
			buildConfigurationList = BFDED11B19EDE2EF00DECE03 /* Build configuration list for PBXProject "SimpleIO" */;
			compatibilityVersion = "Xcode 3.2";
			developmentRegion = English;
			hasScannedForEncodings = 0;
			knownRegions = (
				en,
				Base,
			);
			mainGroup = BFDED11719EDE2EF00DECE03;
			productRefGroup = BFDED12119EDE2EF00DECE03 /* Products */;
			projectDirPath = "";
			projectRoot = "";
			targets = (
				BFDED11F19EDE2EF00DECE03 /* SimpleIO */,
				BFDED13819EDE2EF00DECE03 /* SimpleIOTests */,
			);
		};
/* End PBXProject section */

/* Begin PBXResourcesBuildPhase section */
		BFDED11E19EDE2EF00DECE03 /* Resources */ = {
			isa = PBXResourcesBuildPhase;
			buildActionMask = 2147483647;
			files = (
				BFDED12F19EDE2EF00DECE03 /* Main.storyboard in Resources */,
				BFDED13419EDE2EF00DECE03 /* LaunchScreen.xib in Resources */,
				BFDED13119EDE2EF00DECE03 /* Images.xcassets in Resources */,
			);
			runOnlyForDeploymentPostprocessing = 0;
		};
		BFDED13719EDE2EF00DECE03 /* Resources */ = {
			isa = PBXResourcesBuildPhase;
			buildActionMask = 2147483647;
			files = (
			);
			runOnlyForDeploymentPostprocessing = 0;
		};
/* End PBXResourcesBuildPhase section */

/* Begin PBXSourcesBuildPhase section */
		BFDED11C19EDE2EF00DECE03 /* Sources */ = {
			isa = PBXSourcesBuildPhase;
			buildActionMask = 2147483647;
			files = (
				BFDED12C19EDE2EF00DECE03 /* ViewController.m in Sources */,
				BFDED12919EDE2EF00DECE03 /* AppDelegate.m in Sources */,
				BFDED12619EDE2EF00DECE03 /* main.m in Sources */,
			);
			runOnlyForDeploymentPostprocessing = 0;
		};
		BFDED13519EDE2EF00DECE03 /* Sources */ = {
			isa = PBXSourcesBuildPhase;
			buildActionMask = 2147483647;
			files = (
				BFDED14019EDE2EF00DECE03 /* SimpleIOTests.m in Sources */,
			);
			runOnlyForDeploymentPostprocessing = 0;
		};
/* End PBXSourcesBuildPhase section */

/* Begin PBXTargetDependency section */
		BFDED13B19EDE2EF00DECE03 /* PBXTargetDependency */ = {
			isa = PBXTargetDependency;
			target = BFDED11F19EDE2EF00DECE03 /* SimpleIO */;
			targetProxy = BFDED13A19EDE2EF00DECE03 /* PBXContainerItemProxy */;
		};
/* End PBXTargetDependency section */

/* Begin PBXVariantGroup section */
		BFDED12D19EDE2EF00DECE03 /* Main.storyboard */ = {
			isa = PBXVariantGroup;
			children = (
				BFDED12E19EDE2EF00DECE03 /* Base */,
			);
			name = Main.storyboard;
			sourceTree = "<group>";
		};
		BFDED13219EDE2EF00DECE03 /* LaunchScreen.xib */ = {
			isa = PBXVariantGroup;
			children = (
				BFDED13319EDE2EF00DECE03 /* Base */,
			);
			name = LaunchScreen.xib;
			sourceTree = "<group>";
		};
/* End PBXVariantGroup section */

/* Begin XCBuildConfiguration section */
		BFDED14119EDE2EF00DECE03 /* Debug */ = {
			isa = XCBuildConfiguration;
			buildSettings = {
				ALWAYS_SEARCH_USER_PATHS = NO;
				CLANG_CXX_LANGUAGE_STANDARD = "gnu++0x";
				CLANG_CXX_LIBRARY = "libc++";
				CLANG_ENABLE_MODULES = YES;
				CLANG_ENABLE_OBJC_ARC = YES;
				CLANG_WARN_BOOL_CONVERSION = YES;
				CLANG_WARN_CONSTANT_CONVERSION = YES;
				CLANG_WARN_DIRECT_OBJC_ISA_USAGE = YES_ERROR;
				CLANG_WARN_EMPTY_BODY = YES;
				CLANG_WARN_ENUM_CONVERSION = YES;
				CLANG_WARN_INT_CONVERSION = YES;
				CLANG_WARN_OBJC_ROOT_CLASS = YES_ERROR;
				CLANG_WARN_UNREACHABLE_CODE = YES;
				CLANG_WARN__DUPLICATE_METHOD_MATCH = YES;
				"CODE_SIGN_IDENTITY[sdk=iphoneos*]" = "iPhone Developer";
				COPY_PHASE_STRIP = NO;
				ENABLE_STRICT_OBJC_MSGSEND = YES;
				GCC_C_LANGUAGE_STANDARD = gnu99;
				GCC_DYNAMIC_NO_PIC = NO;
				GCC_OPTIMIZATION_LEVEL = 0;
				GCC_PREPROCESSOR_DEFINITIONS = (
					"DEBUG=1",
					"$(inherited)",
				);
				GCC_SYMBOLS_PRIVATE_EXTERN = NO;
				GCC_WARN_64_TO_32_BIT_CONVERSION = YES;
				GCC_WARN_ABOUT_RETURN_TYPE = YES_ERROR;
				GCC_WARN_UNDECLARED_SELECTOR = YES;
				GCC_WARN_UNINITIALIZED_AUTOS = YES_AGGRESSIVE;
				GCC_WARN_UNUSED_FUNCTION = YES;
				GCC_WARN_UNUSED_VARIABLE = YES;
				IPHONEOS_DEPLOYMENT_TARGET = 8.0;
				MTL_ENABLE_DEBUG_INFO = YES;
				ONLY_ACTIVE_ARCH = YES;
				SDKROOT = iphoneos;
			};
			name = Debug;
		};
		BFDED14219EDE2EF00DECE03 /* Release */ = {
			isa = XCBuildConfiguration;
			buildSettings = {
				ALWAYS_SEARCH_USER_PATHS = NO;
				CLANG_CXX_LANGUAGE_STANDARD = "gnu++0x";
				CLANG_CXX_LIBRARY = "libc++";
				CLANG_ENABLE_MODULES = YES;
				CLANG_ENABLE_OBJC_ARC = YES;
				CLANG_WARN_BOOL_CONVERSION = YES;
				CLANG_WARN_CONSTANT_CONVERSION = YES;
				CLANG_WARN_DIRECT_OBJC_ISA_USAGE = YES_ERROR;
				CLANG_WARN_EMPTY_BODY = YES;
				CLANG_WARN_ENUM_CONVERSION = YES;
				CLANG_WARN_INT_CONVERSION = YES;
				CLANG_WARN_OBJC_ROOT_CLASS = YES_ERROR;
				CLANG_WARN_UNREACHABLE_CODE = YES;
				CLANG_WARN__DUPLICATE_METHOD_MATCH = YES;
				"CODE_SIGN_IDENTITY[sdk=iphoneos*]" = "iPhone Developer";
				COPY_PHASE_STRIP = YES;
				ENABLE_NS_ASSERTIONS = NO;
				ENABLE_STRICT_OBJC_MSGSEND = YES;
				GCC_C_LANGUAGE_STANDARD = gnu99;
				GCC_WARN_64_TO_32_BIT_CONVERSION = YES;
				GCC_WARN_ABOUT_RETURN_TYPE = YES_ERROR;
				GCC_WARN_UNDECLARED_SELECTOR = YES;
				GCC_WARN_UNINITIALIZED_AUTOS = YES_AGGRESSIVE;
				GCC_WARN_UNUSED_FUNCTION = YES;
				GCC_WARN_UNUSED_VARIABLE = YES;
				IPHONEOS_DEPLOYMENT_TARGET = 8.0;
				MTL_ENABLE_DEBUG_INFO = NO;
				SDKROOT = iphoneos;
				VALIDATE_PRODUCT = YES;
			};
			name = Release;
		};
		BFDED14419EDE2EF00DECE03 /* Debug */ = {
			isa = XCBuildConfiguration;
			buildSettings = {
				ASSETCATALOG_COMPILER_APPICON_NAME = AppIcon;
				INFOPLIST_FILE = SimpleIO/Info.plist;
				LD_RUNPATH_SEARCH_PATHS = "$(inherited) @executable_path/Frameworks";
				PRODUCT_NAME = "$(TARGET_NAME)";
			};
			name = Debug;
		};
		BFDED14519EDE2EF00DECE03 /* Release */ = {
			isa = XCBuildConfiguration;
			buildSettings = {
				ASSETCATALOG_COMPILER_APPICON_NAME = AppIcon;
				INFOPLIST_FILE = SimpleIO/Info.plist;
				LD_RUNPATH_SEARCH_PATHS = "$(inherited) @executable_path/Frameworks";
				PRODUCT_NAME = "$(TARGET_NAME)";
			};
			name = Release;
		};
		BFDED14719EDE2EF00DECE03 /* Debug */ = {
			isa = XCBuildConfiguration;
			buildSettings = {
				BUNDLE_LOADER = "$(TEST_HOST)";
				FRAMEWORK_SEARCH_PATHS = (
					"$(SDKROOT)/Developer/Library/Frameworks",
					"$(inherited)",
				);
				GCC_PREPROCESSOR_DEFINITIONS = (
					"DEBUG=1",
					"$(inherited)",
				);
				INFOPLIST_FILE = SimpleIOTests/Info.plist;
				LD_RUNPATH_SEARCH_PATHS = "$(inherited) @executable_path/Frameworks @loader_path/Frameworks";
				PRODUCT_NAME = "$(TARGET_NAME)";
				TEST_HOST = "$(BUILT_PRODUCTS_DIR)/SimpleIO.app/SimpleIO";
			};
			name = Debug;
		};
		BFDED14819EDE2EF00DECE03 /* Release */ = {
			isa = XCBuildConfiguration;
			buildSettings = {
				BUNDLE_LOADER = "$(TEST_HOST)";
				FRAMEWORK_SEARCH_PATHS = (
					"$(SDKROOT)/Developer/Library/Frameworks",
					"$(inherited)",
				);
				INFOPLIST_FILE = SimpleIOTests/Info.plist;
				LD_RUNPATH_SEARCH_PATHS = "$(inherited) @executable_path/Frameworks @loader_path/Frameworks";
				PRODUCT_NAME = "$(TARGET_NAME)";
				TEST_HOST = "$(BUILT_PRODUCTS_DIR)/SimpleIO.app/SimpleIO";
			};
			name = Release;
		};
/* End XCBuildConfiguration section */

/* Begin XCConfigurationList section */
		BFDED11B19EDE2EF00DECE03 /* Build configuration list for PBXProject "SimpleIO" */ = {
			isa = XCConfigurationList;
			buildConfigurations = (
				BFDED14119EDE2EF00DECE03 /* Debug */,
				BFDED14219EDE2EF00DECE03 /* Release */,
			);
			defaultConfigurationIsVisible = 0;
			defaultConfigurationName = Release;
		};
		BFDED14319EDE2EF00DECE03 /* Build configuration list for PBXNativeTarget "SimpleIO" */ = {
			isa = XCConfigurationList;
			buildConfigurations = (
				BFDED14419EDE2EF00DECE03 /* Debug */,
				BFDED14519EDE2EF00DECE03 /* Release */,
			);
			defaultConfigurationIsVisible = 0;
		};
		BFDED14619EDE2EF00DECE03 /* Build configuration list for PBXNativeTarget "SimpleIOTests" */ = {
			isa = XCConfigurationList;
			buildConfigurations = (
				BFDED14719EDE2EF00DECE03 /* Debug */,
				BFDED14819EDE2EF00DECE03 /* Release */,
			);
			defaultConfigurationIsVisible = 0;
		};
/* End XCConfigurationList section */
	};
	rootObject = BFDED11819EDE2EF00DECE03 /* Project object */;
}
